
Microsoft Visual Studio Solution File, Format Version 12.00
# Visual Studio Version 16
VisualStudioVersion = 16.0.29009.5
MinimumVisualStudioVersion = 10.0.40219.1
Project("{9A19103F-16F7-4668-BE54-9A1E7A4F7556}") = "Trabajo de complegidad", "Trabajo de complegidad\Trabajo de complegidad.csproj", "{262032F1-7111-4F50-ABE5-36643F455508}"
EndProject
Project("{9A19103F-16F7-4668-BE54-9A1E7A4F7556}") = "ABB", "ABB\ABB.csproj", "{ABBDAFE0-29DE-4D40-BE24-2EA197F9DF5F}"
EndProject
Project("{2150E333-8FDC-42A3-9474-1A3956D46DE8}") = "Solution Items", "Solution Items", "{7CD4EB9B-A5AE-4B59-93C4-601B9B1D36E3}"
	ProjectSection(SolutionItems) = preProject
		[EDD]Tarea3\[EDD]Tarea3.sln = [EDD]Tarea3\[EDD]Tarea3.sln
	EndProjectSection
EndProject
Project("{9A19103F-16F7-4668-BE54-9A1E7A4F7556}") = "Trabajo final Comp", "Trabajo final Comp\Trabajo final Comp.csproj", "{D4669A3C-A80D-4A2A-B806-A6272BC04632}"
EndProject
Project("{9A19103F-16F7-4668-BE54-9A1E7A4F7556}") = "Trabajo Aparte", "Trabajo Aparte\Trabajo Aparte.csproj", "{03DB3E41-08FE-46EC-A5B6-877F4032145B}"
EndProject
Project("{9A19103F-16F7-4668-BE54-9A1E7A4F7556}") = "Practica 4", "Practica 4\Practica 4.csproj", "{A5D42E82-BEAC-42D9-BEB8-3535C0211EE8}"
EndProject
Project("{FAE04EC0-301F-11D3-BF4B-00C04F79EFBC}") = "Hdleon", "Hdleon\Hdleon.csproj", "{D7A91EB0-4BCE-4915-BE03-82FE1EB8E2F3}"
EndProject
Global
	GlobalSection(SolutionConfigurationPlatforms) = preSolution
		Debug|Any CPU = Debug|Any CPU
		Release|Any CPU = Release|Any CPU
	EndGlobalSection
	GlobalSection(ProjectConfigurationPlatforms) = postSolution
		{262032F1-7111-4F50-ABE5-36643F455508}.Debug|Any CPU.ActiveCfg = Debug|Any CPU
		{262032F1-7111-4F50-ABE5-36643F455508}.Debug|Any CPU.Build.0 = Debug|Any CPU
		{262032F1-7111-4F50-ABE5-36643F455508}.Release|Any CPU.ActiveCfg = Release|Any CPU
		{262032F1-7111-4F50-ABE5-36643F455508}.Release|Any CPU.Build.0 = Release|Any CPU
		{ABBDAFE0-29DE-4D40-BE24-2EA197F9DF5F}.Debug|Any CPU.ActiveCfg = Debug|Any CPU
		{ABBDAFE0-29DE-4D40-BE24-2EA197F9DF5F}.Debug|Any CPU.Build.0 = Debug|Any CPU
		{ABBDAFE0-29DE-4D40-BE24-2EA197F9DF5F}.Release|Any CPU.ActiveCfg = Release|Any CPU
		{ABBDAFE0-29DE-4D40-BE24-2EA197F9DF5F}.Release|Any CPU.Build.0 = Release|Any CPU
		{D4669A3C-A80D-4A2A-B806-A6272BC04632}.Debug|Any CPU.ActiveCfg = Debug|Any CPU
		{D4669A3C-A80D-4A2A-B806-A6272BC04632}.Debug|Any CPU.Build.0 = Debug|Any CPU
		{D4669A3C-A80D-4A2A-B806-A6272BC04632}.Release|Any CPU.ActiveCfg = Release|Any CPU
		{D4669A3C-A80D-4A2A-B806-A6272BC04632}.Release|Any CPU.Build.0 = Release|Any CPU
		{03DB3E41-08FE-46EC-A5B6-877F4032145B}.Debug|Any CPU.ActiveCfg = Debug|Any CPU
		{03DB3E41-08FE-46EC-A5B6-877F4032145B}.Debug|Any CPU.Build.0 = Debug|Any CPU
		{03DB3E41-08FE-46EC-A5B6-877F4032145B}.Release|Any CPU.ActiveCfg = Release|Any CPU
		{03DB3E41-08FE-46EC-A5B6-877F4032145B}.Release|Any CPU.Build.0 = Release|Any CPU
		{A5D42E82-BEAC-42D9-BEB8-3535C0211EE8}.Debug|Any CPU.ActiveCfg = Debug|Any CPU
		{A5D42E82-BEAC-42D9-BEB8-3535C0211EE8}.Debug|Any CPU.Build.0 = Debug|Any CPU
		{A5D42E82-BEAC-42D9-BEB8-3535C0211EE8}.Release|Any CPU.ActiveCfg = Release|Any CPU
		{A5D42E82-BEAC-42D9-BEB8-3535C0211EE8}.Release|Any CPU.Build.0 = Release|Any CPU
		{D7A91EB0-4BCE-4915-BE03-82FE1EB8E2F3}.Debug|Any CPU.ActiveCfg = Debug|Any CPU
		{D7A91EB0-4BCE-4915-BE03-82FE1EB8E2F3}.Debug|Any CPU.Build.0 = Debug|Any CPU
		{D7A91EB0-4BCE-4915-BE03-82FE1EB8E2F3}.Release|Any CPU.ActiveCfg = Release|Any CPU
		{D7A91EB0-4BCE-4915-BE03-82FE1EB8E2F3}.Release|Any CPU.Build.0 = Release|Any CPU
	EndGlobalSection
	GlobalSection(SolutionProperties) = preSolution
		HideSolutionNode = FALSE
	EndGlobalSection
	GlobalSection(ExtensibilityGlobals) = postSolution
		SolutionGuid = {CA1143FC-FFBC-4242-A11D-1C6340B2D97F}
	EndGlobalSection
EndGlobal
